
Microsoft Visual Studio Solution File, Format Version 12.00
# Visual Studio 14
VisualStudioVersion = 14.0.24720.0
MinimumVisualStudioVersion = 10.0.40219.1
Project("{8BC9CEB8-8B4A-11D0-8D11-00A0C91BC942}") = "重载运算符", "重载运算符\重载运算符.vcxproj", "{96AEF286-45C5-46D8-8671-440DB1AF7CB5}"
EndProject
Project("{8BC9CEB8-8B4A-11D0-8D11-00A0C91BC942}") = "Win32Project7", "Win32Project7\Win32Project7.vcxproj", "{F84BE052-E542-43CF-BBFB-7E59288D5691}"
EndProject
Project("{8BC9CEB8-8B4A-11D0-8D11-00A0C91BC942}") = "3_1", "3_1\3_1.vcxproj", "{155029A6-FA0E-4482-86FC-67BB7A2A967F}"
EndProject
Global
	GlobalSection(SolutionConfigurationPlatforms) = preSolution
		Debug|Any CPU = Debug|Any CPU
		Debug|x64 = Debug|x64
		Debug|x86 = Debug|x86
		Release|Any CPU = Release|Any CPU
		Release|x64 = Release|x64
		Release|x86 = Release|x86
	EndGlobalSection
	GlobalSection(ProjectConfigurationPlatforms) = postSolution
		{96AEF286-45C5-46D8-8671-440DB1AF7CB5}.Debug|Any CPU.ActiveCfg = Debug|Win32
		{96AEF286-45C5-46D8-8671-440DB1AF7CB5}.Debug|x64.ActiveCfg = Debug|x64
		{96AEF286-45C5-46D8-8671-440DB1AF7CB5}.Debug|x64.Build.0 = Debug|x64
		{96AEF286-45C5-46D8-8671-440DB1AF7CB5}.Debug|x86.ActiveCfg = Debug|Win32
		{96AEF286-45C5-46D8-8671-440DB1AF7CB5}.Debug|x86.Build.0 = Debug|Win32
		{96AEF286-45C5-46D8-8671-440DB1AF7CB5}.Release|Any CPU.ActiveCfg = Release|Win32
		{96AEF286-45C5-46D8-8671-440DB1AF7CB5}.Release|x64.ActiveCfg = Release|x64
		{96AEF286-45C5-46D8-8671-440DB1AF7CB5}.Release|x64.Build.0 = Release|x64
		{96AEF286-45C5-46D8-8671-440DB1AF7CB5}.Release|x86.ActiveCfg = Release|Win32
		{96AEF286-45C5-46D8-8671-440DB1AF7CB5}.Release|x86.Build.0 = Release|Win32
		{F84BE052-E542-43CF-BBFB-7E59288D5691}.Debug|Any CPU.ActiveCfg = Debug|Win32
		{F84BE052-E542-43CF-BBFB-7E59288D5691}.Debug|x64.ActiveCfg = Debug|x64
		{F84BE052-E542-43CF-BBFB-7E59288D5691}.Debug|x64.Build.0 = Debug|x64
		{F84BE052-E542-43CF-BBFB-7E59288D5691}.Debug|x86.ActiveCfg = Debug|Win32
		{F84BE052-E542-43CF-BBFB-7E59288D5691}.Debug|x86.Build.0 = Debug|Win32
		{F84BE052-E542-43CF-BBFB-7E59288D5691}.Release|Any CPU.ActiveCfg = Release|Win32
		{F84BE052-E542-43CF-BBFB-7E59288D5691}.Release|x64.ActiveCfg = Release|x64
		{F84BE052-E542-43CF-BBFB-7E59288D5691}.Release|x64.Build.0 = Release|x64
		{F84BE052-E542-43CF-BBFB-7E59288D5691}.Release|x86.ActiveCfg = Release|Win32
		{F84BE052-E542-43CF-BBFB-7E59288D5691}.Release|x86.Build.0 = Release|Win32
		{155029A6-FA0E-4482-86FC-67BB7A2A967F}.Debug|Any CPU.ActiveCfg = Debug|Win32
		{155029A6-FA0E-4482-86FC-67BB7A2A967F}.Debug|x64.ActiveCfg = Debug|x64
		{155029A6-FA0E-4482-86FC-67BB7A2A967F}.Debug|x64.Build.0 = Debug|x64
		{155029A6-FA0E-4482-86FC-67BB7A2A967F}.Debug|x86.ActiveCfg = Debug|Win32
		{155029A6-FA0E-4482-86FC-67BB7A2A967F}.Debug|x86.Build.0 = Debug|Win32
		{155029A6-FA0E-4482-86FC-67BB7A2A967F}.Release|Any CPU.ActiveCfg = Release|Win32
		{155029A6-FA0E-4482-86FC-67BB7A2A967F}.Release|x64.ActiveCfg = Release|x64
		{155029A6-FA0E-4482-86FC-67BB7A2A967F}.Release|x64.Build.0 = Release|x64
		{155029A6-FA0E-4482-86FC-67BB7A2A967F}.Release|x86.ActiveCfg = Release|Win32
		{155029A6-FA0E-4482-86FC-67BB7A2A967F}.Release|x86.Build.0 = Release|Win32
	EndGlobalSection
	GlobalSection(SolutionProperties) = preSolution
		HideSolutionNode = FALSE
	EndGlobalSection
EndGlobal
